// !$*UTF8*$!
{
	archiveVersion = 1;
	classes = {
	};
	objectVersion = 52;
	objects = {

/* Begin PBXBuildFile section */
		0CB30948DD6109886F52D6CC /* Pods_ikastagram.framework in Frameworks */ = {isa = PBXBuildFile; fileRef = 621C5C7C0F6B91B811A5444E /* Pods_ikastagram.framework */; };
		108E0A6326021AB00039E9FB /* ikastagramApp.swift in Sources */ = {isa = PBXBuildFile; fileRef = 108E0A6226021AB00039E9FB /* ikastagramApp.swift */; };
		108E0A6526021AB00039E9FB /* ContentView.swift in Sources */ = {isa = PBXBuildFile; fileRef = 108E0A6426021AB00039E9FB /* ContentView.swift */; };
		108E0A6726021AB40039E9FB /* Assets.xcassets in Resources */ = {isa = PBXBuildFile; fileRef = 108E0A6626021AB40039E9FB /* Assets.xcassets */; };
		108E0A6A26021AB40039E9FB /* Preview Assets.xcassets in Resources */ = {isa = PBXBuildFile; fileRef = 108E0A6926021AB40039E9FB /* Preview Assets.xcassets */; };
		108E0A7526021AB40039E9FB /* ikastagramTests.swift in Sources */ = {isa = PBXBuildFile; fileRef = 108E0A7426021AB40039E9FB /* ikastagramTests.swift */; };
		108E0A8026021AB40039E9FB /* ikastagramUITests.swift in Sources */ = {isa = PBXBuildFile; fileRef = 108E0A7F26021AB40039E9FB /* ikastagramUITests.swift */; };
		108E0A9226021BD20039E9FB /* BetterSafariView in Frameworks */ = {isa = PBXBuildFile; productRef = 108E0A9126021BD20039E9FB /* BetterSafariView */; };
		108E0A9826021BFE0039E9FB /* Alamofire in Frameworks */ = {isa = PBXBuildFile; productRef = 108E0A9726021BFE0039E9FB /* Alamofire */; };
		108E0A9E26021C100039E9FB /* SwiftyJSON in Frameworks */ = {isa = PBXBuildFile; productRef = 108E0A9D26021C100039E9FB /* SwiftyJSON */; };
		108E0AA326021CA80039E9FB /* LoginView.swift in Sources */ = {isa = PBXBuildFile; fileRef = 108E0AA226021CA80039E9FB /* LoginView.swift */; };
		108E0AB026036C070039E9FB /* ChatView.swift in Sources */ = {isa = PBXBuildFile; fileRef = 108E0AAF26036C070039E9FB /* ChatView.swift */; };
		108E0AD426036EB90039E9FB /* GoogleService-Info.plist in Resources */ = {isa = PBXBuildFile; fileRef = 108E0AD326036EB90039E9FB /* GoogleService-Info.plist */; };
		108E0AEE260370FD0039E9FB /* FirebaseUI.swift in Sources */ = {isa = PBXBuildFile; fileRef = 108E0AED260370FD0039E9FB /* FirebaseUI.swift */; };
		108E0B0B260373A20039E9FB /* FirebaseAuthStateObserver.swift in Sources */ = {isa = PBXBuildFile; fileRef = 108E0B0A260373A20039E9FB /* FirebaseAuthStateObserver.swift */; };
		108E0B11260375170039E9FB /* MessageModel.swift in Sources */ = {isa = PBXBuildFile; fileRef = 108E0B10260375170039E9FB /* MessageModel.swift */; };
		108E0B8A260383D20039E9FB /* UserView.swift in Sources */ = {isa = PBXBuildFile; fileRef = 108E0B89260383D20039E9FB /* UserView.swift */; };
		108E0B9C260390210039E9FB /* Localizable.strings in Resources */ = {isa = PBXBuildFile; fileRef = 108E0B9E260390210039E9FB /* Localizable.strings */; };
		34CCCBE8A705050450E8461D /* Pods_ikastagramTests.framework in Frameworks */ = {isa = PBXBuildFile; fileRef = 5BBE0CE8E4463DCDB44A1587 /* Pods_ikastagramTests.framework */; };
		DBC5C8E226E3307CEB446095 /* Pods_ikastagram_ikastagramUITests.framework in Frameworks */ = {isa = PBXBuildFile; fileRef = 2944A7B1432768275772ED1A /* Pods_ikastagram_ikastagramUITests.framework */; };
/* End PBXBuildFile section */

/* Begin PBXContainerItemProxy section */
		108E0A7126021AB40039E9FB /* PBXContainerItemProxy */ = {
			isa = PBXContainerItemProxy;
			containerPortal = 108E0A5726021AB00039E9FB /* Project object */;
			proxyType = 1;
			remoteGlobalIDString = 108E0A5E26021AB00039E9FB;
			remoteInfo = ikastagram;
		};
		108E0A7C26021AB40039E9FB /* PBXContainerItemProxy */ = {
			isa = PBXContainerItemProxy;
			containerPortal = 108E0A5726021AB00039E9FB /* Project object */;
			proxyType = 1;
			remoteGlobalIDString = 108E0A5E26021AB00039E9FB;
			remoteInfo = ikastagram;
		};
/* End PBXContainerItemProxy section */

/* Begin PBXFileReference section */
		108E0A5F26021AB00039E9FB /* ikastagram.app */ = {isa = PBXFileReference; explicitFileType = wrapper.application; includeInIndex = 0; path = ikastagram.app; sourceTree = BUILT_PRODUCTS_DIR; };
		108E0A6226021AB00039E9FB /* ikastagramApp.swift */ = {isa = PBXFileReference; lastKnownFileType = sourcecode.swift; path = ikastagramApp.swift; sourceTree = "<group>"; };
		108E0A6426021AB00039E9FB /* ContentView.swift */ = {isa = PBXFileReference; lastKnownFileType = sourcecode.swift; path = ContentView.swift; sourceTree = "<group>"; };
		108E0A6626021AB40039E9FB /* Assets.xcassets */ = {isa = PBXFileReference; lastKnownFileType = folder.assetcatalog; path = Assets.xcassets; sourceTree = "<group>"; };
		108E0A6926021AB40039E9FB /* Preview Assets.xcassets */ = {isa = PBXFileReference; lastKnownFileType = folder.assetcatalog; path = "Preview Assets.xcassets"; sourceTree = "<group>"; };
		108E0A6B26021AB40039E9FB /* Info.plist */ = {isa = PBXFileReference; lastKnownFileType = text.plist.xml; path = Info.plist; sourceTree = "<group>"; };
		108E0A7026021AB40039E9FB /* ikastagramTests.xctest */ = {isa = PBXFileReference; explicitFileType = wrapper.cfbundle; includeInIndex = 0; path = ikastagramTests.xctest; sourceTree = BUILT_PRODUCTS_DIR; };
		108E0A7426021AB40039E9FB /* ikastagramTests.swift */ = {isa = PBXFileReference; lastKnownFileType = sourcecode.swift; path = ikastagramTests.swift; sourceTree = "<group>"; };
		108E0A7626021AB40039E9FB /* Info.plist */ = {isa = PBXFileReference; lastKnownFileType = text.plist.xml; path = Info.plist; sourceTree = "<group>"; };
		108E0A7B26021AB40039E9FB /* ikastagramUITests.xctest */ = {isa = PBXFileReference; explicitFileType = wrapper.cfbundle; includeInIndex = 0; path = ikastagramUITests.xctest; sourceTree = BUILT_PRODUCTS_DIR; };
		108E0A7F26021AB40039E9FB /* ikastagramUITests.swift */ = {isa = PBXFileReference; lastKnownFileType = sourcecode.swift; path = ikastagramUITests.swift; sourceTree = "<group>"; };
		108E0A8126021AB40039E9FB /* Info.plist */ = {isa = PBXFileReference; lastKnownFileType = text.plist.xml; path = Info.plist; sourceTree = "<group>"; };
		108E0AA226021CA80039E9FB /* LoginView.swift */ = {isa = PBXFileReference; lastKnownFileType = sourcecode.swift; path = LoginView.swift; sourceTree = "<group>"; };
		108E0AAF26036C070039E9FB /* ChatView.swift */ = {isa = PBXFileReference; lastKnownFileType = sourcecode.swift; path = ChatView.swift; sourceTree = "<group>"; };
		108E0AD326036EB90039E9FB /* GoogleService-Info.plist */ = {isa = PBXFileReference; fileEncoding = 4; lastKnownFileType = text.plist.xml; path = "GoogleService-Info.plist"; sourceTree = "<group>"; };
		108E0AED260370FD0039E9FB /* FirebaseUI.swift */ = {isa = PBXFileReference; lastKnownFileType = sourcecode.swift; path = FirebaseUI.swift; sourceTree = "<group>"; };
		108E0B0A260373A20039E9FB /* FirebaseAuthStateObserver.swift */ = {isa = PBXFileReference; lastKnownFileType = sourcecode.swift; path = FirebaseAuthStateObserver.swift; sourceTree = "<group>"; };
		108E0B10260375170039E9FB /* MessageModel.swift */ = {isa = PBXFileReference; lastKnownFileType = sourcecode.swift; path = MessageModel.swift; sourceTree = "<group>"; };
		108E0B89260383D20039E9FB /* UserView.swift */ = {isa = PBXFileReference; lastKnownFileType = sourcecode.swift; path = UserView.swift; sourceTree = "<group>"; };
		108E0B9D260390210039E9FB /* en */ = {isa = PBXFileReference; lastKnownFileType = text.plist.strings; name = en; path = en.lproj/Localizable.strings; sourceTree = "<group>"; };
		108E0BA22603902A0039E9FB /* ja */ = {isa = PBXFileReference; lastKnownFileType = text.plist.strings; name = ja; path = ja.lproj/Localizable.strings; sourceTree = "<group>"; };
		2944A7B1432768275772ED1A /* Pods_ikastagram_ikastagramUITests.framework */ = {isa = PBXFileReference; explicitFileType = wrapper.framework; includeInIndex = 0; path = Pods_ikastagram_ikastagramUITests.framework; sourceTree = BUILT_PRODUCTS_DIR; };
		5BBE0CE8E4463DCDB44A1587 /* Pods_ikastagramTests.framework */ = {isa = PBXFileReference; explicitFileType = wrapper.framework; includeInIndex = 0; path = Pods_ikastagramTests.framework; sourceTree = BUILT_PRODUCTS_DIR; };
		61C37E85203AA06787162002 /* Pods-ikastagramTests.debug.xcconfig */ = {isa = PBXFileReference; includeInIndex = 1; lastKnownFileType = text.xcconfig; name = "Pods-ikastagramTests.debug.xcconfig"; path = "Target Support Files/Pods-ikastagramTests/Pods-ikastagramTests.debug.xcconfig"; sourceTree = "<group>"; };
		621C5C7C0F6B91B811A5444E /* Pods_ikastagram.framework */ = {isa = PBXFileReference; explicitFileType = wrapper.framework; includeInIndex = 0; path = Pods_ikastagram.framework; sourceTree = BUILT_PRODUCTS_DIR; };
		7480084FCE2A9DDD6C070F0D /* Pods-ikastagram-ikastagramUITests.release.xcconfig */ = {isa = PBXFileReference; includeInIndex = 1; lastKnownFileType = text.xcconfig; name = "Pods-ikastagram-ikastagramUITests.release.xcconfig"; path = "Target Support Files/Pods-ikastagram-ikastagramUITests/Pods-ikastagram-ikastagramUITests.release.xcconfig"; sourceTree = "<group>"; };
		7A13E8073A1CE97D99EDBB88 /* Pods-ikastagram.release.xcconfig */ = {isa = PBXFileReference; includeInIndex = 1; lastKnownFileType = text.xcconfig; name = "Pods-ikastagram.release.xcconfig"; path = "Target Support Files/Pods-ikastagram/Pods-ikastagram.release.xcconfig"; sourceTree = "<group>"; };
		91E0D77D429AB4C142EA544C /* Pods-ikastagram.debug.xcconfig */ = {isa = PBXFileReference; includeInIndex = 1; lastKnownFileType = text.xcconfig; name = "Pods-ikastagram.debug.xcconfig"; path = "Target Support Files/Pods-ikastagram/Pods-ikastagram.debug.xcconfig"; sourceTree = "<group>"; };
		9238362CAFE44143B4C424FC /* Pods-ikastagramTests.release.xcconfig */ = {isa = PBXFileReference; includeInIndex = 1; lastKnownFileType = text.xcconfig; name = "Pods-ikastagramTests.release.xcconfig"; path = "Target Support Files/Pods-ikastagramTests/Pods-ikastagramTests.release.xcconfig"; sourceTree = "<group>"; };
		E44A97149FFA78F0FF14DA00 /* Pods-ikastagram-ikastagramUITests.debug.xcconfig */ = {isa = PBXFileReference; includeInIndex = 1; lastKnownFileType = text.xcconfig; name = "Pods-ikastagram-ikastagramUITests.debug.xcconfig"; path = "Target Support Files/Pods-ikastagram-ikastagramUITests/Pods-ikastagram-ikastagramUITests.debug.xcconfig"; sourceTree = "<group>"; };
/* End PBXFileReference section */

/* Begin PBXFrameworksBuildPhase section */
		108E0A5C26021AB00039E9FB /* Frameworks */ = {
			isa = PBXFrameworksBuildPhase;
			buildActionMask = 2147483647;
			files = (
				108E0A9E26021C100039E9FB /* SwiftyJSON in Frameworks */,
				108E0A9226021BD20039E9FB /* BetterSafariView in Frameworks */,
				108E0A9826021BFE0039E9FB /* Alamofire in Frameworks */,
				0CB30948DD6109886F52D6CC /* Pods_ikastagram.framework in Frameworks */,
			);
			runOnlyForDeploymentPostprocessing = 0;
		};
		108E0A6D26021AB40039E9FB /* Frameworks */ = {
			isa = PBXFrameworksBuildPhase;
			buildActionMask = 2147483647;
			files = (
				34CCCBE8A705050450E8461D /* Pods_ikastagramTests.framework in Frameworks */,
			);
			runOnlyForDeploymentPostprocessing = 0;
		};
		108E0A7826021AB40039E9FB /* Frameworks */ = {
			isa = PBXFrameworksBuildPhase;
			buildActionMask = 2147483647;
			files = (
				DBC5C8E226E3307CEB446095 /* Pods_ikastagram_ikastagramUITests.framework in Frameworks */,
			);
			runOnlyForDeploymentPostprocessing = 0;
		};
/* End PBXFrameworksBuildPhase section */

/* Begin PBXGroup section */
		05F6DD5C0FD871A5A264E239 /* Pods */ = {
			isa = PBXGroup;
			children = (
				91E0D77D429AB4C142EA544C /* Pods-ikastagram.debug.xcconfig */,
				7A13E8073A1CE97D99EDBB88 /* Pods-ikastagram.release.xcconfig */,
				E44A97149FFA78F0FF14DA00 /* Pods-ikastagram-ikastagramUITests.debug.xcconfig */,
				7480084FCE2A9DDD6C070F0D /* Pods-ikastagram-ikastagramUITests.release.xcconfig */,
				61C37E85203AA06787162002 /* Pods-ikastagramTests.debug.xcconfig */,
				9238362CAFE44143B4C424FC /* Pods-ikastagramTests.release.xcconfig */,
			);
			path = Pods;
			sourceTree = "<group>";
		};
		108E0A5626021AB00039E9FB = {
			isa = PBXGroup;
			children = (
				108E0A6126021AB00039E9FB /* ikastagram */,
				108E0A7326021AB40039E9FB /* ikastagramTests */,
				108E0A7E26021AB40039E9FB /* ikastagramUITests */,
				108E0A6026021AB00039E9FB /* Products */,
				05F6DD5C0FD871A5A264E239 /* Pods */,
				685BD015E39BF0BA1E7E347C /* Frameworks */,
			);
			sourceTree = "<group>";
		};
		108E0A6026021AB00039E9FB /* Products */ = {
			isa = PBXGroup;
			children = (
				108E0A5F26021AB00039E9FB /* ikastagram.app */,
				108E0A7026021AB40039E9FB /* ikastagramTests.xctest */,
				108E0A7B26021AB40039E9FB /* ikastagramUITests.xctest */,
			);
			name = Products;
			sourceTree = "<group>";
		};
		108E0A6126021AB00039E9FB /* ikastagram */ = {
			isa = PBXGroup;
			children = (
				108E0A6226021AB00039E9FB /* ikastagramApp.swift */,
				108E0B0F260375020039E9FB /* ObservedObject */,
				108E0AA226021CA80039E9FB /* LoginView.swift */,
				108E0A6426021AB00039E9FB /* ContentView.swift */,
				108E0B89260383D20039E9FB /* UserView.swift */,
				108E0AAF26036C070039E9FB /* ChatView.swift */,
				108E0A6626021AB40039E9FB /* Assets.xcassets */,
				108E0A6B26021AB40039E9FB /* Info.plist */,
				108E0AD326036EB90039E9FB /* GoogleService-Info.plist */,
				108E0A6826021AB40039E9FB /* Preview Content */,
				108E0AED260370FD0039E9FB /* FirebaseUI.swift */,
				108E0B0A260373A20039E9FB /* FirebaseAuthStateObserver.swift */,
				108E0B9E260390210039E9FB /* Localizable.strings */,
			);
			path = ikastagram;
			sourceTree = "<group>";
		};
		108E0A6826021AB40039E9FB /* Preview Content */ = {
			isa = PBXGroup;
			children = (
				108E0A6926021AB40039E9FB /* Preview Assets.xcassets */,
			);
			path = "Preview Content";
			sourceTree = "<group>";
		};
		108E0A7326021AB40039E9FB /* ikastagramTests */ = {
			isa = PBXGroup;
			children = (
				108E0A7426021AB40039E9FB /* ikastagramTests.swift */,
				108E0A7626021AB40039E9FB /* Info.plist */,
			);
			path = ikastagramTests;
			sourceTree = "<group>";
		};
		108E0A7E26021AB40039E9FB /* ikastagramUITests */ = {
			isa = PBXGroup;
			children = (
				108E0A7F26021AB40039E9FB /* ikastagramUITests.swift */,
				108E0A8126021AB40039E9FB /* Info.plist */,
			);
			path = ikastagramUITests;
			sourceTree = "<group>";
		};
		108E0B0F260375020039E9FB /* ObservedObject */ = {
			isa = PBXGroup;
			children = (
				108E0B10260375170039E9FB /* MessageModel.swift */,
			);
			path = ObservedObject;
			sourceTree = "<group>";
		};
		685BD015E39BF0BA1E7E347C /* Frameworks */ = {
			isa = PBXGroup;
			children = (
				621C5C7C0F6B91B811A5444E /* Pods_ikastagram.framework */,
				2944A7B1432768275772ED1A /* Pods_ikastagram_ikastagramUITests.framework */,
				5BBE0CE8E4463DCDB44A1587 /* Pods_ikastagramTests.framework */,
			);
			name = Frameworks;
			sourceTree = "<group>";
		};
/* End PBXGroup section */

/* Begin PBXNativeTarget section */
		108E0A5E26021AB00039E9FB /* ikastagram */ = {
			isa = PBXNativeTarget;
			buildConfigurationList = 108E0A8426021AB40039E9FB /* Build configuration list for PBXNativeTarget "ikastagram" */;
			buildPhases = (
				F6F182401930A956F93486F0 /* [CP] Check Pods Manifest.lock */,
				108E0A5B26021AB00039E9FB /* Sources */,
				108E0A5C26021AB00039E9FB /* Frameworks */,
				108E0A5D26021AB00039E9FB /* Resources */,
				5427FC8185FF0C90F88A6B76 /* [CP] Embed Pods Frameworks */,
				0330A51C12D94E097ED11FB1 /* [CP] Copy Pods Resources */,
			);
			buildRules = (
			);
			dependencies = (
			);
			name = ikastagram;
			packageProductDependencies = (
				108E0A9126021BD20039E9FB /* BetterSafariView */,
				108E0A9726021BFE0039E9FB /* Alamofire */,
				108E0A9D26021C100039E9FB /* SwiftyJSON */,
			);
			productName = ikastagram;
			productReference = 108E0A5F26021AB00039E9FB /* ikastagram.app */;
			productType = "com.apple.product-type.application";
		};
		108E0A6F26021AB40039E9FB /* ikastagramTests */ = {
			isa = PBXNativeTarget;
			buildConfigurationList = 108E0A8726021AB40039E9FB /* Build configuration list for PBXNativeTarget "ikastagramTests" */;
			buildPhases = (
				81D56FAF1175A5D312863C2C /* [CP] Check Pods Manifest.lock */,
				108E0A6C26021AB40039E9FB /* Sources */,
				108E0A6D26021AB40039E9FB /* Frameworks */,
				108E0A6E26021AB40039E9FB /* Resources */,
			);
			buildRules = (
			);
			dependencies = (
				108E0A7226021AB40039E9FB /* PBXTargetDependency */,
			);
			name = ikastagramTests;
			productName = ikastagramTests;
			productReference = 108E0A7026021AB40039E9FB /* ikastagramTests.xctest */;
			productType = "com.apple.product-type.bundle.unit-test";
		};
		108E0A7A26021AB40039E9FB /* ikastagramUITests */ = {
			isa = PBXNativeTarget;
			buildConfigurationList = 108E0A8A26021AB40039E9FB /* Build configuration list for PBXNativeTarget "ikastagramUITests" */;
			buildPhases = (
				A739BAEE62F99DF3EF7759E9 /* [CP] Check Pods Manifest.lock */,
				108E0A7726021AB40039E9FB /* Sources */,
				108E0A7826021AB40039E9FB /* Frameworks */,
				108E0A7926021AB40039E9FB /* Resources */,
				9D3F730B28344DDCF342B03C /* [CP] Embed Pods Frameworks */,
				9B8CFCE3189CADD6AB028AD8 /* [CP] Copy Pods Resources */,
			);
			buildRules = (
			);
			dependencies = (
				108E0A7D26021AB40039E9FB /* PBXTargetDependency */,
			);
			name = ikastagramUITests;
			productName = ikastagramUITests;
			productReference = 108E0A7B26021AB40039E9FB /* ikastagramUITests.xctest */;
			productType = "com.apple.product-type.bundle.ui-testing";
		};
/* End PBXNativeTarget section */

/* Begin PBXProject section */
		108E0A5726021AB00039E9FB /* Project object */ = {
			isa = PBXProject;
			attributes = {
				LastSwiftUpdateCheck = 1240;
				LastUpgradeCheck = 1240;
				TargetAttributes = {
					108E0A5E26021AB00039E9FB = {
						CreatedOnToolsVersion = 12.4;
					};
					108E0A6F26021AB40039E9FB = {
						CreatedOnToolsVersion = 12.4;
						TestTargetID = 108E0A5E26021AB00039E9FB;
					};
					108E0A7A26021AB40039E9FB = {
						CreatedOnToolsVersion = 12.4;
						TestTargetID = 108E0A5E26021AB00039E9FB;
					};
				};
			};
			buildConfigurationList = 108E0A5A26021AB00039E9FB /* Build configuration list for PBXProject "ikastagram" */;
			compatibilityVersion = "Xcode 9.3";
			developmentRegion = en;
			hasScannedForEncodings = 0;
			knownRegions = (
				en,
				Base,
				ja,
			);
			mainGroup = 108E0A5626021AB00039E9FB;
			packageReferences = (
				108E0A9026021BD20039E9FB /* XCRemoteSwiftPackageReference "BetterSafariView" */,
				108E0A9626021BFE0039E9FB /* XCRemoteSwiftPackageReference "Alamofire" */,
				108E0A9C26021C100039E9FB /* XCRemoteSwiftPackageReference "SwiftyJSON" */,
			);
			productRefGroup = 108E0A6026021AB00039E9FB /* Products */;
			projectDirPath = "";
			projectRoot = "";
			targets = (
				108E0A5E26021AB00039E9FB /* ikastagram */,
				108E0A6F26021AB40039E9FB /* ikastagramTests */,
				108E0A7A26021AB40039E9FB /* ikastagramUITests */,
			);
		};
/* End PBXProject section */

/* Begin PBXResourcesBuildPhase section */
		108E0A5D26021AB00039E9FB /* Resources */ = {
			isa = PBXResourcesBuildPhase;
			buildActionMask = 2147483647;
			files = (
				108E0A6A26021AB40039E9FB /* Preview Assets.xcassets in Resources */,
				108E0B9C260390210039E9FB /* Localizable.strings in Resources */,
				108E0A6726021AB40039E9FB /* Assets.xcassets in Resources */,
				108E0AD426036EB90039E9FB /* GoogleService-Info.plist in Resources */,
			);
			runOnlyForDeploymentPostprocessing = 0;
		};
		108E0A6E26021AB40039E9FB /* Resources */ = {
			isa = PBXResourcesBuildPhase;
			buildActionMask = 2147483647;
			files = (
			);
			runOnlyForDeploymentPostprocessing = 0;
		};
		108E0A7926021AB40039E9FB /* Resources */ = {
			isa = PBXResourcesBuildPhase;
			buildActionMask = 2147483647;
			files = (
			);
			runOnlyForDeploymentPostprocessing = 0;
		};
/* End PBXResourcesBuildPhase section */

/* Begin PBXShellScriptBuildPhase section */
		0330A51C12D94E097ED11FB1 /* [CP] Copy Pods Resources */ = {
			isa = PBXShellScriptBuildPhase;
			buildActionMask = 2147483647;
			files = (
			);
			inputFileListPaths = (
				"${PODS_ROOT}/Target Support Files/Pods-ikastagram/Pods-ikastagram-resources-${CONFIGURATION}-input-files.xcfilelist",
			);
			name = "[CP] Copy Pods Resources";
			outputFileListPaths = (
				"${PODS_ROOT}/Target Support Files/Pods-ikastagram/Pods-ikastagram-resources-${CONFIGURATION}-output-files.xcfilelist",
			);
			runOnlyForDeploymentPostprocessing = 0;
			shellPath = /bin/sh;
			shellScript = "\"${PODS_ROOT}/Target Support Files/Pods-ikastagram/Pods-ikastagram-resources.sh\"\n";
			showEnvVarsInLog = 0;
		};
		5427FC8185FF0C90F88A6B76 /* [CP] Embed Pods Frameworks */ = {
			isa = PBXShellScriptBuildPhase;
			buildActionMask = 2147483647;
			files = (
			);
			inputFileListPaths = (
				"${PODS_ROOT}/Target Support Files/Pods-ikastagram/Pods-ikastagram-frameworks-${CONFIGURATION}-input-files.xcfilelist",
			);
			name = "[CP] Embed Pods Frameworks";
			outputFileListPaths = (
				"${PODS_ROOT}/Target Support Files/Pods-ikastagram/Pods-ikastagram-frameworks-${CONFIGURATION}-output-files.xcfilelist",
			);
			runOnlyForDeploymentPostprocessing = 0;
			shellPath = /bin/sh;
			shellScript = "\"${PODS_ROOT}/Target Support Files/Pods-ikastagram/Pods-ikastagram-frameworks.sh\"\n";
			showEnvVarsInLog = 0;
		};
		81D56FAF1175A5D312863C2C /* [CP] Check Pods Manifest.lock */ = {
			isa = PBXShellScriptBuildPhase;
			buildActionMask = 2147483647;
			files = (
			);
			inputFileListPaths = (
			);
			inputPaths = (
				"${PODS_PODFILE_DIR_PATH}/Podfile.lock",
				"${PODS_ROOT}/Manifest.lock",
			);
			name = "[CP] Check Pods Manifest.lock";
			outputFileListPaths = (
			);
			outputPaths = (
				"$(DERIVED_FILE_DIR)/Pods-ikastagramTests-checkManifestLockResult.txt",
			);
			runOnlyForDeploymentPostprocessing = 0;
			shellPath = /bin/sh;
			shellScript = "diff \"${PODS_PODFILE_DIR_PATH}/Podfile.lock\" \"${PODS_ROOT}/Manifest.lock\" > /dev/null\nif [ $? != 0 ] ; then\n    # print error to STDERR\n    echo \"error: The sandbox is not in sync with the Podfile.lock. Run 'pod install' or update your CocoaPods installation.\" >&2\n    exit 1\nfi\n# This output is used by Xcode 'outputs' to avoid re-running this script phase.\necho \"SUCCESS\" > \"${SCRIPT_OUTPUT_FILE_0}\"\n";
			showEnvVarsInLog = 0;
		};
		9B8CFCE3189CADD6AB028AD8 /* [CP] Copy Pods Resources */ = {
			isa = PBXShellScriptBuildPhase;
			buildActionMask = 2147483647;
			files = (
			);
			inputFileListPaths = (
				"${PODS_ROOT}/Target Support Files/Pods-ikastagram-ikastagramUITests/Pods-ikastagram-ikastagramUITests-resources-${CONFIGURATION}-input-files.xcfilelist",
			);
			name = "[CP] Copy Pods Resources";
			outputFileListPaths = (
				"${PODS_ROOT}/Target Support Files/Pods-ikastagram-ikastagramUITests/Pods-ikastagram-ikastagramUITests-resources-${CONFIGURATION}-output-files.xcfilelist",
			);
			runOnlyForDeploymentPostprocessing = 0;
			shellPath = /bin/sh;
			shellScript = "\"${PODS_ROOT}/Target Support Files/Pods-ikastagram-ikastagramUITests/Pods-ikastagram-ikastagramUITests-resources.sh\"\n";
			showEnvVarsInLog = 0;
		};
		9D3F730B28344DDCF342B03C /* [CP] Embed Pods Frameworks */ = {
			isa = PBXShellScriptBuildPhase;
			buildActionMask = 2147483647;
			files = (
			);
			inputFileListPaths = (
				"${PODS_ROOT}/Target Support Files/Pods-ikastagram-ikastagramUITests/Pods-ikastagram-ikastagramUITests-frameworks-${CONFIGURATION}-input-files.xcfilelist",
			);
			name = "[CP] Embed Pods Frameworks";
			outputFileListPaths = (
				"${PODS_ROOT}/Target Support Files/Pods-ikastagram-ikastagramUITests/Pods-ikastagram-ikastagramUITests-frameworks-${CONFIGURATION}-output-files.xcfilelist",
			);
			runOnlyForDeploymentPostprocessing = 0;
			shellPath = /bin/sh;
			shellScript = "\"${PODS_ROOT}/Target Support Files/Pods-ikastagram-ikastagramUITests/Pods-ikastagram-ikastagramUITests-frameworks.sh\"\n";
			showEnvVarsInLog = 0;
		};
		A739BAEE62F99DF3EF7759E9 /* [CP] Check Pods Manifest.lock */ = {
			isa = PBXShellScriptBuildPhase;
			buildActionMask = 2147483647;
			files = (
			);
			inputFileListPaths = (
			);
			inputPaths = (
				"${PODS_PODFILE_DIR_PATH}/Podfile.lock",
				"${PODS_ROOT}/Manifest.lock",
			);
			name = "[CP] Check Pods Manifest.lock";
			outputFileListPaths = (
			);
			outputPaths = (
				"$(DERIVED_FILE_DIR)/Pods-ikastagram-ikastagramUITests-checkManifestLockResult.txt",
			);
			runOnlyForDeploymentPostprocessing = 0;
			shellPath = /bin/sh;
			shellScript = "diff \"${PODS_PODFILE_DIR_PATH}/Podfile.lock\" \"${PODS_ROOT}/Manifest.lock\" > /dev/null\nif [ $? != 0 ] ; then\n    # print error to STDERR\n    echo \"error: The sandbox is not in sync with the Podfile.lock. Run 'pod install' or update your CocoaPods installation.\" >&2\n    exit 1\nfi\n# This output is used by Xcode 'outputs' to avoid re-running this script phase.\necho \"SUCCESS\" > \"${SCRIPT_OUTPUT_FILE_0}\"\n";
			showEnvVarsInLog = 0;
		};
		F6F182401930A956F93486F0 /* [CP] Check Pods Manifest.lock */ = {
			isa = PBXShellScriptBuildPhase;
			buildActionMask = 2147483647;
			files = (
			);
			inputFileListPaths = (
			);
			inputPaths = (
				"${PODS_PODFILE_DIR_PATH}/Podfile.lock",
				"${PODS_ROOT}/Manifest.lock",
			);
			name = "[CP] Check Pods Manifest.lock";
			outputFileListPaths = (
			);
			outputPaths = (
				"$(DERIVED_FILE_DIR)/Pods-ikastagram-checkManifestLockResult.txt",
			);
			runOnlyForDeploymentPostprocessing = 0;
			shellPath = /bin/sh;
			shellScript = "diff \"${PODS_PODFILE_DIR_PATH}/Podfile.lock\" \"${PODS_ROOT}/Manifest.lock\" > /dev/null\nif [ $? != 0 ] ; then\n    # print error to STDERR\n    echo \"error: The sandbox is not in sync with the Podfile.lock. Run 'pod install' or update your CocoaPods installation.\" >&2\n    exit 1\nfi\n# This output is used by Xcode 'outputs' to avoid re-running this script phase.\necho \"SUCCESS\" > \"${SCRIPT_OUTPUT_FILE_0}\"\n";
			showEnvVarsInLog = 0;
		};
/* End PBXShellScriptBuildPhase section */

/* Begin PBXSourcesBuildPhase section */
		108E0A5B26021AB00039E9FB /* Sources */ = {
			isa = PBXSourcesBuildPhase;
			buildActionMask = 2147483647;
			files = (
				108E0AB026036C070039E9FB /* ChatView.swift in Sources */,
				108E0AA326021CA80039E9FB /* LoginView.swift in Sources */,
				108E0B11260375170039E9FB /* MessageModel.swift in Sources */,
				108E0B8A260383D20039E9FB /* UserView.swift in Sources */,
				108E0A6526021AB00039E9FB /* ContentView.swift in Sources */,
				108E0A6326021AB00039E9FB /* ikastagramApp.swift in Sources */,
				108E0B0B260373A20039E9FB /* FirebaseAuthStateObserver.swift in Sources */,
				108E0AEE260370FD0039E9FB /* FirebaseUI.swift in Sources */,
			);
			runOnlyForDeploymentPostprocessing = 0;
		};
		108E0A6C26021AB40039E9FB /* Sources */ = {
			isa = PBXSourcesBuildPhase;
			buildActionMask = 2147483647;
			files = (
				108E0A7526021AB40039E9FB /* ikastagramTests.swift in Sources */,
			);
			runOnlyForDeploymentPostprocessing = 0;
		};
		108E0A7726021AB40039E9FB /* Sources */ = {
			isa = PBXSourcesBuildPhase;
			buildActionMask = 2147483647;
			files = (
				108E0A8026021AB40039E9FB /* ikastagramUITests.swift in Sources */,
			);
			runOnlyForDeploymentPostprocessing = 0;
		};
/* End PBXSourcesBuildPhase section */

/* Begin PBXTargetDependency section */
		108E0A7226021AB40039E9FB /* PBXTargetDependency */ = {
			isa = PBXTargetDependency;
			target = 108E0A5E26021AB00039E9FB /* ikastagram */;
			targetProxy = 108E0A7126021AB40039E9FB /* PBXContainerItemProxy */;
		};
		108E0A7D26021AB40039E9FB /* PBXTargetDependency */ = {
			isa = PBXTargetDependency;
			target = 108E0A5E26021AB00039E9FB /* ikastagram */;
			targetProxy = 108E0A7C26021AB40039E9FB /* PBXContainerItemProxy */;
		};
/* End PBXTargetDependency section */

/* Begin PBXVariantGroup section */
		108E0B9E260390210039E9FB /* Localizable.strings */ = {
			isa = PBXVariantGroup;
			children = (
				108E0B9D260390210039E9FB /* en */,
				108E0BA22603902A0039E9FB /* ja */,
			);
			name = Localizable.strings;
			sourceTree = "<group>";
		};
/* End PBXVariantGroup section */

/* Begin XCBuildConfiguration section */
		108E0A8226021AB40039E9FB /* Debug */ = {
			isa = XCBuildConfiguration;
			buildSettings = {
				ALWAYS_SEARCH_USER_PATHS = NO;
				CLANG_ANALYZER_NONNULL = YES;
				CLANG_ANALYZER_NUMBER_OBJECT_CONVERSION = YES_AGGRESSIVE;
				CLANG_CXX_LANGUAGE_STANDARD = "gnu++14";
				CLANG_CXX_LIBRARY = "libc++";
				CLANG_ENABLE_MODULES = YES;
				CLANG_ENABLE_OBJC_ARC = YES;
				CLANG_ENABLE_OBJC_WEAK = YES;
				CLANG_WARN_BLOCK_CAPTURE_AUTORELEASING = YES;
				CLANG_WARN_BOOL_CONVERSION = YES;
				CLANG_WARN_COMMA = YES;
				CLANG_WARN_CONSTANT_CONVERSION = YES;
				CLANG_WARN_DEPRECATED_OBJC_IMPLEMENTATIONS = YES;
				CLANG_WARN_DIRECT_OBJC_ISA_USAGE = YES_ERROR;
				CLANG_WARN_DOCUMENTATION_COMMENTS = YES;
				CLANG_WARN_EMPTY_BODY = YES;
				CLANG_WARN_ENUM_CONVERSION = YES;
				CLANG_WARN_INFINITE_RECURSION = YES;
				CLANG_WARN_INT_CONVERSION = YES;
				CLANG_WARN_NON_LITERAL_NULL_CONVERSION = YES;
				CLANG_WARN_OBJC_IMPLICIT_RETAIN_SELF = YES;
				CLANG_WARN_OBJC_LITERAL_CONVERSION = YES;
				CLANG_WARN_OBJC_ROOT_CLASS = YES_ERROR;
				CLANG_WARN_QUOTED_INCLUDE_IN_FRAMEWORK_HEADER = YES;
				CLANG_WARN_RANGE_LOOP_ANALYSIS = YES;
				CLANG_WARN_STRICT_PROTOTYPES = YES;
				CLANG_WARN_SUSPICIOUS_MOVE = YES;
				CLANG_WARN_UNGUARDED_AVAILABILITY = YES_AGGRESSIVE;
				CLANG_WARN_UNREACHABLE_CODE = YES;
				CLANG_WARN__DUPLICATE_METHOD_MATCH = YES;
				COPY_PHASE_STRIP = NO;
				DEBUG_INFORMATION_FORMAT = dwarf;
				ENABLE_STRICT_OBJC_MSGSEND = YES;
				ENABLE_TESTABILITY = YES;
				GCC_C_LANGUAGE_STANDARD = gnu11;
				GCC_DYNAMIC_NO_PIC = NO;
				GCC_NO_COMMON_BLOCKS = YES;
				GCC_OPTIMIZATION_LEVEL = 0;
				GCC_PREPROCESSOR_DEFINITIONS = (
					"DEBUG=1",
					"$(inherited)",
				);
				GCC_WARN_64_TO_32_BIT_CONVERSION = YES;
				GCC_WARN_ABOUT_RETURN_TYPE = YES_ERROR;
				GCC_WARN_UNDECLARED_SELECTOR = YES;
				GCC_WARN_UNINITIALIZED_AUTOS = YES_AGGRESSIVE;
				GCC_WARN_UNUSED_FUNCTION = YES;
				GCC_WARN_UNUSED_VARIABLE = YES;
				IPHONEOS_DEPLOYMENT_TARGET = 14.4;
				MTL_ENABLE_DEBUG_INFO = INCLUDE_SOURCE;
				MTL_FAST_MATH = YES;
				ONLY_ACTIVE_ARCH = YES;
				SDKROOT = iphoneos;
				SWIFT_ACTIVE_COMPILATION_CONDITIONS = DEBUG;
				SWIFT_OPTIMIZATION_LEVEL = "-Onone";
			};
			name = Debug;
		};
		108E0A8326021AB40039E9FB /* Release */ = {
			isa = XCBuildConfiguration;
			buildSettings = {
				ALWAYS_SEARCH_USER_PATHS = NO;
				CLANG_ANALYZER_NONNULL = YES;
				CLANG_ANALYZER_NUMBER_OBJECT_CONVERSION = YES_AGGRESSIVE;
				CLANG_CXX_LANGUAGE_STANDARD = "gnu++14";
				CLANG_CXX_LIBRARY = "libc++";
				CLANG_ENABLE_MODULES = YES;
				CLANG_ENABLE_OBJC_ARC = YES;
				CLANG_ENABLE_OBJC_WEAK = YES;
				CLANG_WARN_BLOCK_CAPTURE_AUTORELEASING = YES;
				CLANG_WARN_BOOL_CONVERSION = YES;
				CLANG_WARN_COMMA = YES;
				CLANG_WARN_CONSTANT_CONVERSION = YES;
				CLANG_WARN_DEPRECATED_OBJC_IMPLEMENTATIONS = YES;
				CLANG_WARN_DIRECT_OBJC_ISA_USAGE = YES_ERROR;
				CLANG_WARN_DOCUMENTATION_COMMENTS = YES;
				CLANG_WARN_EMPTY_BODY = YES;
				CLANG_WARN_ENUM_CONVERSION = YES;
				CLANG_WARN_INFINITE_RECURSION = YES;
				CLANG_WARN_INT_CONVERSION = YES;
				CLANG_WARN_NON_LITERAL_NULL_CONVERSION = YES;
				CLANG_WARN_OBJC_IMPLICIT_RETAIN_SELF = YES;
				CLANG_WARN_OBJC_LITERAL_CONVERSION = YES;
				CLANG_WARN_OBJC_ROOT_CLASS = YES_ERROR;
				CLANG_WARN_QUOTED_INCLUDE_IN_FRAMEWORK_HEADER = YES;
				CLANG_WARN_RANGE_LOOP_ANALYSIS = YES;
				CLANG_WARN_STRICT_PROTOTYPES = YES;
				CLANG_WARN_SUSPICIOUS_MOVE = YES;
				CLANG_WARN_UNGUARDED_AVAILABILITY = YES_AGGRESSIVE;
				CLANG_WARN_UNREACHABLE_CODE = YES;
				CLANG_WARN__DUPLICATE_METHOD_MATCH = YES;
				COPY_PHASE_STRIP = NO;
				DEBUG_INFORMATION_FORMAT = "dwarf-with-dsym";
				ENABLE_NS_ASSERTIONS = NO;
				ENABLE_STRICT_OBJC_MSGSEND = YES;
				GCC_C_LANGUAGE_STANDARD = gnu11;
				GCC_NO_COMMON_BLOCKS = YES;
				GCC_WARN_64_TO_32_BIT_CONVERSION = YES;
				GCC_WARN_ABOUT_RETURN_TYPE = YES_ERROR;
				GCC_WARN_UNDECLARED_SELECTOR = YES;
				GCC_WARN_UNINITIALIZED_AUTOS = YES_AGGRESSIVE;
				GCC_WARN_UNUSED_FUNCTION = YES;
				GCC_WARN_UNUSED_VARIABLE = YES;
				IPHONEOS_DEPLOYMENT_TARGET = 14.4;
				MTL_ENABLE_DEBUG_INFO = NO;
				MTL_FAST_MATH = YES;
				SDKROOT = iphoneos;
				SWIFT_COMPILATION_MODE = wholemodule;
				SWIFT_OPTIMIZATION_LEVEL = "-O";
				VALIDATE_PRODUCT = YES;
			};
			name = Release;
		};
		108E0A8526021AB40039E9FB /* Debug */ = {
			isa = XCBuildConfiguration;
			baseConfigurationReference = 91E0D77D429AB4C142EA544C /* Pods-ikastagram.debug.xcconfig */;
			buildSettings = {
				ASSETCATALOG_COMPILER_APPICON_NAME = AppIcon;
				ASSETCATALOG_COMPILER_GLOBAL_ACCENT_COLOR_NAME = AccentColor;
				CODE_SIGN_STYLE = Automatic;
				DEVELOPMENT_ASSET_PATHS = "\"ikastagram/Preview Content\"";
				DEVELOPMENT_TEAM = D9HU6JZF2Q;
				ENABLE_PREVIEWS = YES;
				INFOPLIST_FILE = ikastagram/Info.plist;
				IPHONEOS_DEPLOYMENT_TARGET = 14.0;
				LD_RUNPATH_SEARCH_PATHS = (
					"$(inherited)",
					"@executable_path/Frameworks",
				);
				PRODUCT_BUNDLE_IDENTIFIER = work.tkgstrator.ikastagram;
				PRODUCT_NAME = "$(TARGET_NAME)";
				SWIFT_VERSION = 5.0;
				TARGETED_DEVICE_FAMILY = "1,2";
			};
			name = Debug;
		};
		108E0A8626021AB40039E9FB /* Release */ = {
			isa = XCBuildConfiguration;
			baseConfigurationReference = 7A13E8073A1CE97D99EDBB88 /* Pods-ikastagram.release.xcconfig */;
			buildSettings = {
				ASSETCATALOG_COMPILER_APPICON_NAME = AppIcon;
				ASSETCATALOG_COMPILER_GLOBAL_ACCENT_COLOR_NAME = AccentColor;
				CODE_SIGN_STYLE = Automatic;
				DEVELOPMENT_ASSET_PATHS = "\"ikastagram/Preview Content\"";
				DEVELOPMENT_TEAM = D9HU6JZF2Q;
				ENABLE_PREVIEWS = YES;
				INFOPLIST_FILE = ikastagram/Info.plist;
				IPHONEOS_DEPLOYMENT_TARGET = 14.0;
				LD_RUNPATH_SEARCH_PATHS = (
					"$(inherited)",
					"@executable_path/Frameworks",
				);
				PRODUCT_BUNDLE_IDENTIFIER = work.tkgstrator.ikastagram;
				PRODUCT_NAME = "$(TARGET_NAME)";
				SWIFT_VERSION = 5.0;
				TARGETED_DEVICE_FAMILY = "1,2";
			};
			name = Release;
		};
		108E0A8826021AB40039E9FB /* Debug */ = {
			isa = XCBuildConfiguration;
			baseConfigurationReference = 61C37E85203AA06787162002 /* Pods-ikastagramTests.debug.xcconfig */;
			buildSettings = {
				ALWAYS_EMBED_SWIFT_STANDARD_LIBRARIES = YES;
				BUNDLE_LOADER = "$(TEST_HOST)";
				CODE_SIGN_STYLE = Automatic;
				DEVELOPMENT_TEAM = D9HU6JZF2Q;
				INFOPLIST_FILE = ikastagramTests/Info.plist;
				IPHONEOS_DEPLOYMENT_TARGET = 14.0;
				LD_RUNPATH_SEARCH_PATHS = (
					"$(inherited)",
					"@executable_path/Frameworks",
					"@loader_path/Frameworks",
				);
				PRODUCT_BUNDLE_IDENTIFIER = work.tkgstrator.ikastagramTests;
				PRODUCT_NAME = "$(TARGET_NAME)";
				SWIFT_VERSION = 5.0;
				TARGETED_DEVICE_FAMILY = "1,2";
				TEST_HOST = "$(BUILT_PRODUCTS_DIR)/ikastagram.app/ikastagram";
			};
			name = Debug;
		};
		108E0A8926021AB40039E9FB /* Release */ = {
			isa = XCBuildConfiguration;
			baseConfigurationReference = 9238362CAFE44143B4C424FC /* Pods-ikastagramTests.release.xcconfig */;
			buildSettings = {
				ALWAYS_EMBED_SWIFT_STANDARD_LIBRARIES = YES;
				BUNDLE_LOADER = "$(TEST_HOST)";
				CODE_SIGN_STYLE = Automatic;
				DEVELOPMENT_TEAM = D9HU6JZF2Q;
				INFOPLIST_FILE = ikastagramTests/Info.plist;
				IPHONEOS_DEPLOYMENT_TARGET = 14.0;
				LD_RUNPATH_SEARCH_PATHS = (
					"$(inherited)",
					"@executable_path/Frameworks",
					"@loader_path/Frameworks",
				);
				PRODUCT_BUNDLE_IDENTIFIER = work.tkgstrator.ikastagramTests;
				PRODUCT_NAME = "$(TARGET_NAME)";
				SWIFT_VERSION = 5.0;
				TARGETED_DEVICE_FAMILY = "1,2";
				TEST_HOST = "$(BUILT_PRODUCTS_DIR)/ikastagram.app/ikastagram";
			};
			name = Release;
		};
		108E0A8B26021AB40039E9FB /* Debug */ = {
			isa = XCBuildConfiguration;
			baseConfigurationReference = E44A97149FFA78F0FF14DA00 /* Pods-ikastagram-ikastagramUITests.debug.xcconfig */;
			buildSettings = {
				ALWAYS_EMBED_SWIFT_STANDARD_LIBRARIES = YES;
				CODE_SIGN_STYLE = Automatic;
				DEVELOPMENT_TEAM = D9HU6JZF2Q;
				INFOPLIST_FILE = ikastagramUITests/Info.plist;
				LD_RUNPATH_SEARCH_PATHS = (
					"$(inherited)",
					"@executable_path/Frameworks",
					"@loader_path/Frameworks",
				);
				PRODUCT_BUNDLE_IDENTIFIER = work.tkgstrator.ikastagramUITests;
				PRODUCT_NAME = "$(TARGET_NAME)";
				SWIFT_VERSION = 5.0;
				TARGETED_DEVICE_FAMILY = "1,2";
				TEST_TARGET_NAME = ikastagram;
			};
			name = Debug;
		};
		108E0A8C26021AB40039E9FB /* Release */ = {
			isa = XCBuildConfiguration;
			baseConfigurationReference = 7480084FCE2A9DDD6C070F0D /* Pods-ikastagram-ikastagramUITests.release.xcconfig */;
			buildSettings = {
				ALWAYS_EMBED_SWIFT_STANDARD_LIBRARIES = YES;
				CODE_SIGN_STYLE = Automatic;
				DEVELOPMENT_TEAM = D9HU6JZF2Q;
				INFOPLIST_FILE = ikastagramUITests/Info.plist;
				LD_RUNPATH_SEARCH_PATHS = (
					"$(inherited)",
					"@executable_path/Frameworks",
					"@loader_path/Frameworks",
				);
				PRODUCT_BUNDLE_IDENTIFIER = work.tkgstrator.ikastagramUITests;
				PRODUCT_NAME = "$(TARGET_NAME)";
				SWIFT_VERSION = 5.0;
				TARGETED_DEVICE_FAMILY = "1,2";
				TEST_TARGET_NAME = ikastagram;
			};
			name = Release;
		};
/* End XCBuildConfiguration section */

/* Begin XCConfigurationList section */
		108E0A5A26021AB00039E9FB /* Build configuration list for PBXProject "ikastagram" */ = {
			isa = XCConfigurationList;
			buildConfigurations = (
				108E0A8226021AB40039E9FB /* Debug */,
				108E0A8326021AB40039E9FB /* Release */,
			);
			defaultConfigurationIsVisible = 0;
			defaultConfigurationName = Release;
		};
		108E0A8426021AB40039E9FB /* Build configuration list for PBXNativeTarget "ikastagram" */ = {
			isa = XCConfigurationList;
			buildConfigurations = (
				108E0A8526021AB40039E9FB /* Debug */,
				108E0A8626021AB40039E9FB /* Release */,
			);
			defaultConfigurationIsVisible = 0;
			defaultConfigurationName = Release;
		};
		108E0A8726021AB40039E9FB /* Build configuration list for PBXNativeTarget "ikastagramTests" */ = {
			isa = XCConfigurationList;
			buildConfigurations = (
				108E0A8826021AB40039E9FB /* Debug */,
				108E0A8926021AB40039E9FB /* Release */,
			);
			defaultConfigurationIsVisible = 0;
			defaultConfigurationName = Release;
		};
		108E0A8A26021AB40039E9FB /* Build configuration list for PBXNativeTarget "ikastagramUITests" */ = {
			isa = XCConfigurationList;
			buildConfigurations = (
				108E0A8B26021AB40039E9FB /* Debug */,
				108E0A8C26021AB40039E9FB /* Release */,
			);
			defaultConfigurationIsVisible = 0;
			defaultConfigurationName = Release;
		};
/* End XCConfigurationList section */

/* Begin XCRemoteSwiftPackageReference section */
		108E0A9026021BD20039E9FB /* XCRemoteSwiftPackageReference "BetterSafariView" */ = {
			isa = XCRemoteSwiftPackageReference;
			repositoryURL = "https://github.com/stleamist/BetterSafariView";
			requirement = {
				kind = upToNextMajorVersion;
				minimumVersion = 2.3.1;
			};
		};
		108E0A9626021BFE0039E9FB /* XCRemoteSwiftPackageReference "Alamofire" */ = {
			isa = XCRemoteSwiftPackageReference;
			repositoryURL = "https://github.com/Alamofire/Alamofire";
			requirement = {
				kind = upToNextMajorVersion;
				minimumVersion = 5.4.1;
			};
		};
		108E0A9C26021C100039E9FB /* XCRemoteSwiftPackageReference "SwiftyJSON" */ = {
			isa = XCRemoteSwiftPackageReference;
			repositoryURL = "https://github.com/SwiftyJSON/SwiftyJSON";
			requirement = {
				kind = upToNextMajorVersion;
				minimumVersion = 5.0.0;
			};
		};
/* End XCRemoteSwiftPackageReference section */

/* Begin XCSwiftPackageProductDependency section */
		108E0A9126021BD20039E9FB /* BetterSafariView */ = {
			isa = XCSwiftPackageProductDependency;
			package = 108E0A9026021BD20039E9FB /* XCRemoteSwiftPackageReference "BetterSafariView" */;
			productName = BetterSafariView;
		};
		108E0A9726021BFE0039E9FB /* Alamofire */ = {
			isa = XCSwiftPackageProductDependency;
			package = 108E0A9626021BFE0039E9FB /* XCRemoteSwiftPackageReference "Alamofire" */;
			productName = Alamofire;
		};
		108E0A9D26021C100039E9FB /* SwiftyJSON */ = {
			isa = XCSwiftPackageProductDependency;
			package = 108E0A9C26021C100039E9FB /* XCRemoteSwiftPackageReference "SwiftyJSON" */;
			productName = SwiftyJSON;
		};
/* End XCSwiftPackageProductDependency section */
	};
	rootObject = 108E0A5726021AB00039E9FB /* Project object */;
}
